
Microsoft Visual Studio Solution File, Format Version 12.00
# Visual Studio Version 17
VisualStudioVersion = 17.13.35828.75
MinimumVisualStudioVersion = 10.0.40219.1
Project("{FAE04EC0-301F-11D3-BF4B-00C04F79EFBC}") = "WPF_Base", "WPF_Base\WPF_Base.csproj", "{3CB13A3C-150B-4A43-8B83-F0C35360053C}"
EndProject
Project("{FAE04EC0-301F-11D3-BF4B-00C04F79EFBC}") = "WPF_Base_1", "WPF_Base_1\WPF_Base_1.csproj", "{55E45DA0-003F-45C8-8385-A36441F64FC0}"
EndProject
Project("{FAE04EC0-301F-11D3-BF4B-00C04F79EFBC}") = "WpfApp1", "WpfApp1\WpfApp1.csproj", "{A24F3967-6A97-4D36-AD14-04A74B3840E3}"
EndProject
Project("{FAE04EC0-301F-11D3-BF4B-00C04F79EFBC}") = "WPF_Base_Practice", "WPF_Base_Practice\WPF_Base_Practice.csproj", "{84F36C70-801A-4CCC-9B50-688616F5423E}"
EndProject
Global
	GlobalSection(SolutionConfigurationPlatforms) = preSolution
		Debug|Any CPU = Debug|Any CPU
		Release|Any CPU = Release|Any CPU
	EndGlobalSection
	GlobalSection(ProjectConfigurationPlatforms) = postSolution
		{3CB13A3C-150B-4A43-8B83-F0C35360053C}.Debug|Any CPU.ActiveCfg = Debug|Any CPU
		{3CB13A3C-150B-4A43-8B83-F0C35360053C}.Debug|Any CPU.Build.0 = Debug|Any CPU
		{3CB13A3C-150B-4A43-8B83-F0C35360053C}.Release|Any CPU.ActiveCfg = Release|Any CPU
		{3CB13A3C-150B-4A43-8B83-F0C35360053C}.Release|Any CPU.Build.0 = Release|Any CPU
		{55E45DA0-003F-45C8-8385-A36441F64FC0}.Debug|Any CPU.ActiveCfg = Debug|Any CPU
		{55E45DA0-003F-45C8-8385-A36441F64FC0}.Debug|Any CPU.Build.0 = Debug|Any CPU
		{55E45DA0-003F-45C8-8385-A36441F64FC0}.Release|Any CPU.ActiveCfg = Release|Any CPU
		{55E45DA0-003F-45C8-8385-A36441F64FC0}.Release|Any CPU.Build.0 = Release|Any CPU
		{A24F3967-6A97-4D36-AD14-04A74B3840E3}.Debug|Any CPU.ActiveCfg = Debug|Any CPU
		{A24F3967-6A97-4D36-AD14-04A74B3840E3}.Debug|Any CPU.Build.0 = Debug|Any CPU
		{A24F3967-6A97-4D36-AD14-04A74B3840E3}.Release|Any CPU.ActiveCfg = Release|Any CPU
		{A24F3967-6A97-4D36-AD14-04A74B3840E3}.Release|Any CPU.Build.0 = Release|Any CPU
		{84F36C70-801A-4CCC-9B50-688616F5423E}.Debug|Any CPU.ActiveCfg = Debug|Any CPU
		{84F36C70-801A-4CCC-9B50-688616F5423E}.Debug|Any CPU.Build.0 = Debug|Any CPU
		{84F36C70-801A-4CCC-9B50-688616F5423E}.Release|Any CPU.ActiveCfg = Release|Any CPU
		{84F36C70-801A-4CCC-9B50-688616F5423E}.Release|Any CPU.Build.0 = Release|Any CPU
	EndGlobalSection
	GlobalSection(SolutionProperties) = preSolution
		HideSolutionNode = FALSE
	EndGlobalSection
	GlobalSection(ExtensibilityGlobals) = postSolution
		SolutionGuid = {5085E370-07D5-4666-B55A-E9DE97373918}
	EndGlobalSection
EndGlobal
