
Microsoft Visual Studio Solution File, Format Version 12.00
# Visual Studio Version 17
VisualStudioVersion = 17.5.33530.505
MinimumVisualStudioVersion = 10.0.40219.1
Project("{FAE04EC0-301F-11D3-BF4B-00C04F79EFBC}") = "practice1_250428", "practice1_250428\practice1_250428.csproj", "{11AA20AE-A302-4060-8C29-8DA86BE5FD0A}"
EndProject
Global
	GlobalSection(SolutionConfigurationPlatforms) = preSolution
		Debug|Any CPU = Debug|Any CPU
		Release|Any CPU = Release|Any CPU
	EndGlobalSection
	GlobalSection(ProjectConfigurationPlatforms) = postSolution
		{11AA20AE-A302-4060-8C29-8DA86BE5FD0A}.Debug|Any CPU.ActiveCfg = Debug|Any CPU
		{11AA20AE-A302-4060-8C29-8DA86BE5FD0A}.Debug|Any CPU.Build.0 = Debug|Any CPU
		{11AA20AE-A302-4060-8C29-8DA86BE5FD0A}.Release|Any CPU.ActiveCfg = Release|Any CPU
		{11AA20AE-A302-4060-8C29-8DA86BE5FD0A}.Release|Any CPU.Build.0 = Release|Any CPU
	EndGlobalSection
	GlobalSection(SolutionProperties) = preSolution
		HideSolutionNode = FALSE
	EndGlobalSection
	GlobalSection(ExtensibilityGlobals) = postSolution
		SolutionGuid = {E1536A5E-22D3-4366-894B-D02A65C66191}
	EndGlobalSection
EndGlobal
