
Microsoft Visual Studio Solution File, Format Version 12.00
# Visual Studio Version 17
VisualStudioVersion = 17.5.33530.505
MinimumVisualStudioVersion = 10.0.40219.1
Project("{FAE04EC0-301F-11D3-BF4B-00C04F79EFBC}") = "WindowsFormsApp2", "WindowsFormsApp2\WindowsFormsApp2.csproj", "{237A37CB-ADE7-44F7-9F3E-FB193B0B247C}"
EndProject
Global
	GlobalSection(SolutionConfigurationPlatforms) = preSolution
		Debug|Any CPU = Debug|Any CPU
		Release|Any CPU = Release|Any CPU
	EndGlobalSection
	GlobalSection(ProjectConfigurationPlatforms) = postSolution
		{237A37CB-ADE7-44F7-9F3E-FB193B0B247C}.Debug|Any CPU.ActiveCfg = Debug|Any CPU
		{237A37CB-ADE7-44F7-9F3E-FB193B0B247C}.Debug|Any CPU.Build.0 = Debug|Any CPU
		{237A37CB-ADE7-44F7-9F3E-FB193B0B247C}.Release|Any CPU.ActiveCfg = Release|Any CPU
		{237A37CB-ADE7-44F7-9F3E-FB193B0B247C}.Release|Any CPU.Build.0 = Release|Any CPU
	EndGlobalSection
	GlobalSection(SolutionProperties) = preSolution
		HideSolutionNode = FALSE
	EndGlobalSection
	GlobalSection(ExtensibilityGlobals) = postSolution
		SolutionGuid = {4947BED2-8D9C-41C3-B72E-E535F52D2E01}
	EndGlobalSection
EndGlobal
