
Microsoft Visual Studio Solution File, Format Version 12.00
# Visual Studio Version 17
VisualStudioVersion = 17.5.33530.505
MinimumVisualStudioVersion = 10.0.40219.1
Project("{FAE04EC0-301F-11D3-BF4B-00C04F79EFBC}") = "WindowsFormsApp1", "WindowsFormsApp1\WindowsFormsApp1.csproj", "{3C3ACA44-4785-4F22-A383-78071AD408D3}"
EndProject
Global
	GlobalSection(SolutionConfigurationPlatforms) = preSolution
		Debug|Any CPU = Debug|Any CPU
		Release|Any CPU = Release|Any CPU
	EndGlobalSection
	GlobalSection(ProjectConfigurationPlatforms) = postSolution
		{3C3ACA44-4785-4F22-A383-78071AD408D3}.Debug|Any CPU.ActiveCfg = Debug|Any CPU
		{3C3ACA44-4785-4F22-A383-78071AD408D3}.Debug|Any CPU.Build.0 = Debug|Any CPU
		{3C3ACA44-4785-4F22-A383-78071AD408D3}.Release|Any CPU.ActiveCfg = Release|Any CPU
		{3C3ACA44-4785-4F22-A383-78071AD408D3}.Release|Any CPU.Build.0 = Release|Any CPU
	EndGlobalSection
	GlobalSection(SolutionProperties) = preSolution
		HideSolutionNode = FALSE
	EndGlobalSection
	GlobalSection(ExtensibilityGlobals) = postSolution
		SolutionGuid = {7224BC5B-CCA0-4C50-A459-385F56B8B425}
	EndGlobalSection
EndGlobal
