
Microsoft Visual Studio Solution File, Format Version 12.00
# Visual Studio Version 17
VisualStudioVersion = 17.13.35828.75 d17.13
MinimumVisualStudioVersion = 10.0.40219.1
Project("{FAE04EC0-301F-11D3-BF4B-00C04F79EFBC}") = "WFA_07_enum+if", "WFA_07_enum+if.csproj", "{2B081DC2-56EF-4D0F-8A70-11A74F5A9028}"
EndProject
Global
	GlobalSection(SolutionConfigurationPlatforms) = preSolution
		Debug|Any CPU = Debug|Any CPU
		Release|Any CPU = Release|Any CPU
	EndGlobalSection
	GlobalSection(ProjectConfigurationPlatforms) = postSolution
		{2B081DC2-56EF-4D0F-8A70-11A74F5A9028}.Debug|Any CPU.ActiveCfg = Debug|Any CPU
		{2B081DC2-56EF-4D0F-8A70-11A74F5A9028}.Debug|Any CPU.Build.0 = Debug|Any CPU
		{2B081DC2-56EF-4D0F-8A70-11A74F5A9028}.Release|Any CPU.ActiveCfg = Release|Any CPU
		{2B081DC2-56EF-4D0F-8A70-11A74F5A9028}.Release|Any CPU.Build.0 = Release|Any CPU
	EndGlobalSection
	GlobalSection(SolutionProperties) = preSolution
		HideSolutionNode = FALSE
	EndGlobalSection
	GlobalSection(ExtensibilityGlobals) = postSolution
		SolutionGuid = {F98AE8E4-CA85-4555-B5B2-7C872EF9DCD7}
	EndGlobalSection
EndGlobal
