
Microsoft Visual Studio Solution File, Format Version 12.00
# Visual Studio Version 17
VisualStudioVersion = 17.5.33530.505
MinimumVisualStudioVersion = 10.0.40219.1
Project("{FAE04EC0-301F-11D3-BF4B-00C04F79EFBC}") = "WFA_08_loop", "WFA_08_loop\WFA_08_loop.csproj", "{DB5F07B1-21BD-4D98-9B7D-E0F59FD1E69B}"
EndProject
Global
	GlobalSection(SolutionConfigurationPlatforms) = preSolution
		Debug|Any CPU = Debug|Any CPU
		Release|Any CPU = Release|Any CPU
	EndGlobalSection
	GlobalSection(ProjectConfigurationPlatforms) = postSolution
		{DB5F07B1-21BD-4D98-9B7D-E0F59FD1E69B}.Debug|Any CPU.ActiveCfg = Debug|Any CPU
		{DB5F07B1-21BD-4D98-9B7D-E0F59FD1E69B}.Debug|Any CPU.Build.0 = Debug|Any CPU
		{DB5F07B1-21BD-4D98-9B7D-E0F59FD1E69B}.Release|Any CPU.ActiveCfg = Release|Any CPU
		{DB5F07B1-21BD-4D98-9B7D-E0F59FD1E69B}.Release|Any CPU.Build.0 = Release|Any CPU
	EndGlobalSection
	GlobalSection(SolutionProperties) = preSolution
		HideSolutionNode = FALSE
	EndGlobalSection
	GlobalSection(ExtensibilityGlobals) = postSolution
		SolutionGuid = {28EBCD75-988F-443A-AF68-1302DF70E4B2}
	EndGlobalSection
EndGlobal
